# THIS IS AN AUTOGENERATED FILE. DO NOT EDIT THIS FILE DIRECTLY.
# yarn lockfile v1


"@types/abstract-leveldown@^5.0.1":
  version "5.0.1"
  resolved "https://registry.yarnpkg.com/@types/abstract-leveldown/-/abstract-leveldown-5.0.1.tgz#3c7750d0186b954c7f2d2f6acc8c3c7ba0c3412e"
  integrity sha512-wYxU3kp5zItbxKmeRYCEplS2MW7DzyBnxPGj+GJVHZEUZiK/nn5Ei1sUFgURDh+X051+zsGe28iud3oHjrYWQQ==

"@types/node@^13.7.7":
  version "13.7.7"
  resolved "https://registry.yarnpkg.com/@types/node/-/node-13.7.7.tgz#1628e6461ba8cc9b53196dfeaeec7b07fa6eea99"
  integrity sha512-Uo4chgKbnPNlxQwoFmYIwctkQVkMMmsAoGGU4JKwLuvBefF0pCq4FybNSnfkfRCpC7ZW7kttcC/TrRtAJsvGtg==

abstract-leveldown@^6.2.2:
  version "6.2.2"
  resolved "https://registry.yarnpkg.com/abstract-leveldown/-/abstract-leveldown-6.2.2.tgz#677425beeb28204367c7639e264e93ea4b49971a"
  integrity sha512-/a+Iwj0rn//CX0EJOasNyZJd2o8xur8Ce9C57Sznti/Ilt/cb6Qd8/k98A4ZOklXgTG+iAYYUs1OTG0s1eH+zQ==
  dependencies:
    level-concat-iterator "~2.0.0"
    level-supports "~1.0.0"
    xtend "~4.0.0"

"bsonfy@git://github.com/i404788/bsonfy.git#f3e2c90fb27112651d7fe18671a7feb9fb63afd9":
  version "1.0.2"
  resolved "git://github.com/i404788/bsonfy.git#f3e2c90fb27112651d7fe18671a7feb9fb63afd9"

level-concat-iterator@~2.0.0:
  version "2.0.1"
  resolved "https://registry.yarnpkg.com/level-concat-iterator/-/level-concat-iterator-2.0.1.tgz#1d1009cf108340252cb38c51f9727311193e6263"
  integrity sha512-OTKKOqeav2QWcERMJR7IS9CUo1sHnke2C0gkSmcR7QuEtFNLLzHQAvnMw8ykvEcv0Qtkg0p7FOwP1v9e5Smdcw==

level-supports@~1.0.0:
  version "1.0.1"
  resolved "https://registry.yarnpkg.com/level-supports/-/level-supports-1.0.1.tgz#2f530a596834c7301622521988e2c36bb77d122d"
  integrity sha512-rXM7GYnW8gsl1vedTJIbzOrRv85c/2uCMpiiCzO2fndd06U/kUXEEU9evYn4zFggBOg36IsBW8LzqIpETwwQzg==
  dependencies:
    xtend "^4.0.2"

xtend@^4.0.2, xtend@~4.0.0:
  version "4.0.2"
  resolved "https://registry.yarnpkg.com/xtend/-/xtend-4.0.2.tgz#bb72779f5fa465186b1f438f674fa347fdb5db54"
  integrity sha512-LKYU1iAXJXUgAXn9URjiu+MWhyUXHsvfp7mcuYm9dSUKK0/CjtrUwFAxD82/mCWbtLsGjFIad0wIsod4zrTAEQ==
